Microsoft Visual Studio Solution File, Format Version 12.00
# Visual Studio Version 17
VisualStudioVersion = 17.5.2.0
MinimumVisualStudioVersion = 10.0.40219.1
Project("{FAE04EC0-301F-11D3-BF4B-00C04F79EFBC}") = "IrisClassification", "IrisClassification\IrisClassification.csproj", "{F6D3681D-4326-05BA-1A49-F6D3C8D13E1E}"
EndProject
Global
	GlobalSection(SolutionConfigurationPlatforms) = preSolution
		Debug|Any CPU = Debug|Any CPU
		Release|Any CPU = Release|Any CPU
	EndGlobalSection
	GlobalSection(ProjectConfigurationPlatforms) = postSolution
		{F6D3681D-4326-05BA-1A49-F6D3C8D13E1E}.Debug|Any CPU.ActiveCfg = Debug|Any CPU
		{F6D3681D-4326-05BA-1A49-F6D3C8D13E1E}.Debug|Any CPU.Build.0 = Debug|Any CPU
		{F6D3681D-4326-05BA-1A49-F6D3C8D13E1E}.Release|Any CPU.ActiveCfg = Release|Any CPU
		{F6D3681D-4326-05BA-1A49-F6D3C8D13E1E}.Release|Any CPU.Build.0 = Release|Any CPU
	EndGlobalSection
	GlobalSection(SolutionProperties) = preSolution
		HideSolutionNode = FALSE
	EndGlobalSection
	GlobalSection(ExtensibilityGlobals) = postSolution
		SolutionGuid = {36DEDCCC-B064-4942-BAF6-326FD6BB14A8}
	EndGlobalSection
EndGlobal
